
Microsoft Visual Studio Solution File, Format Version 12.00
# Visual Studio Version 16
VisualStudioVersion = 16.0.30711.63
MinimumVisualStudioVersion = 10.0.40219.1
Project("{2150E333-8FDC-42A3-9474-1A3956D46DE8}") = "Solution Items", "Solution Items", "{8E2C06E1-289A-4E06-8BBC-8182DEA81D95}"
EndProject
Project("{2150E333-8FDC-42A3-9474-1A3956D46DE8}") = "src", "src", "{D4DAF4D6-4265-4C43-9741-79272FBBE552}"
EndProject
Project("{2150E333-8FDC-42A3-9474-1A3956D46DE8}") = "AppGateways", "AppGateways", "{3720A6C5-B47F-4C6B-91F4-7D8144DC2751}"
EndProject
Project("{2150E333-8FDC-42A3-9474-1A3956D46DE8}") = "BuildingBlocks", "BuildingBlocks", "{298C0772-DAD5-4908-8AE1-2A3E1CE6FBA2}"
EndProject
Project("{2150E333-8FDC-42A3-9474-1A3956D46DE8}") = "Services", "Services", "{396FE1CF-57E1-46E4-8CA2-4042503084A7}"
EndProject
Project("{2150E333-8FDC-42A3-9474-1A3956D46DE8}") = "Clients", "Clients", "{7EA5B598-0D7E-4FD5-BB0F-D9E9B9196FBC}"
EndProject
Project("{2150E333-8FDC-42A3-9474-1A3956D46DE8}") = "BlazorWebApp", "BlazorWebApp", "{573FBDF7-B53E-4046-9737-C232F8216B78}"
EndProject
Project("{2150E333-8FDC-42A3-9474-1A3956D46DE8}") = "WebApiGateway", "WebApiGateway", "{4CEBB5BE-D3BE-47CB-A7DA-F1E928972A74}"
EndProject
Project("{FAE04EC0-301F-11D3-BF4B-00C04F79EFBC}") = "Web.ApiGateway", "src\AppGateways\WebApiGateway\Web.ApiGateway\Web.ApiGateway.csproj", "{8C5B2A49-E4EB-4298-882A-95037AA442BE}"
EndProject
Project("{2150E333-8FDC-42A3-9474-1A3956D46DE8}") = "EventBus", "EventBus", "{324A4D69-25EF-480D-AB68-2B6A7B7540F7}"
EndProject
Project("{FAE04EC0-301F-11D3-BF4B-00C04F79EFBC}") = "EventBus.Base", "src\BuildingBlocks\EventBus\EventBus.Base\EventBus.Base.csproj", "{21FA82B1-D398-4F5B-9EAF-8796036FAC30}"
EndProject
Project("{FAE04EC0-301F-11D3-BF4B-00C04F79EFBC}") = "EventBus.Factory", "src\BuildingBlocks\EventBus\EventBus.Factory\EventBus.Factory.csproj", "{5735069B-E026-4675-849A-4F1899527425}"
EndProject
Project("{FAE04EC0-301F-11D3-BF4B-00C04F79EFBC}") = "EventBus.AzureServiceBus", "src\BuildingBlocks\EventBus\EventBus.AzureServiceBus\EventBus.AzureServiceBus.csproj", "{2C439560-4A11-4327-9A08-B0B90F45D593}"
EndProject
Project("{FAE04EC0-301F-11D3-BF4B-00C04F79EFBC}") = "EventBus.RabbitMQ", "src\BuildingBlocks\EventBus\EventBus.RabbitMQ\EventBus.RabbitMQ.csproj", "{8192D388-FAA2-46AD-AA3A-F9D46FDC027D}"
EndProject
Project("{FAE04EC0-301F-11D3-BF4B-00C04F79EFBC}") = "WebApp", "src\Clients\BlazorWebApp\WebApp\WebApp.csproj", "{9C988748-D1BE-4F8F-A17F-087D9D845578}"
EndProject
Project("{2150E333-8FDC-42A3-9474-1A3956D46DE8}") = "BasketService", "BasketService", "{D6D0C687-E21E-4E54-8BAF-D72D5589B601}"
EndProject
Project("{FAE04EC0-301F-11D3-BF4B-00C04F79EFBC}") = "BasketService.Api", "src\Services\BaskerService\BasketService.Api\BasketService.Api.csproj", "{BA4F86FB-BE1A-4B22-82E2-1EDFD85AAC91}"
EndProject
Project("{2150E333-8FDC-42A3-9474-1A3956D46DE8}") = "CatalogService", "CatalogService", "{4F0310A8-742D-4F6E-8D64-FC05B13FDF69}"
EndProject
Project("{FAE04EC0-301F-11D3-BF4B-00C04F79EFBC}") = "CatalogService.Api", "src\Services\CatalogService\CatalogService.Api\CatalogService.Api.csproj", "{DAF1C79A-CC63-4129-803B-42DBDDD7EA85}"
EndProject
Project("{2150E333-8FDC-42A3-9474-1A3956D46DE8}") = "IdentityService", "IdentityService", "{E3DB3A79-02BA-4B58-9E5A-68C28F37AE12}"
EndProject
Project("{FAE04EC0-301F-11D3-BF4B-00C04F79EFBC}") = "IdentityService.Api", "src\Services\IdentityService\IdentityService.Api\IdentityService.Api.csproj", "{0669715D-DBC0-4325-9813-0A38BDA41462}"
EndProject
Project("{2150E333-8FDC-42A3-9474-1A3956D46DE8}") = "NotificationService", "NotificationService", "{1D93B02B-E7AB-47B3-87E6-B39BD727377B}"
EndProject
Project("{FAE04EC0-301F-11D3-BF4B-00C04F79EFBC}") = "NotificationService.Api", "src\Services\NotificationService\NotificationService.Api\NotificationService.Api.csproj", "{23554D8E-B99D-4C9C-9B42-D9A3F2E2639B}"
EndProject
Project("{2150E333-8FDC-42A3-9474-1A3956D46DE8}") = "OrderService", "OrderService", "{4D8E5FB9-61C6-41E7-B74F-540E230A2678}"
EndProject
Project("{FAE04EC0-301F-11D3-BF4B-00C04F79EFBC}") = "OrderService.Domain", "src\Services\OrderService\OrderService.Domain\OrderService.Domain.csproj", "{7EE69ECC-B415-412B-ADE1-033B582CAD13}"
EndProject
Project("{FAE04EC0-301F-11D3-BF4B-00C04F79EFBC}") = "OrderService.Application", "src\Services\OrderService\OrderService.Application\OrderService.Application.csproj", "{8E3E474A-D093-420B-909F-E369F830CBDB}"
EndProject
Project("{FAE04EC0-301F-11D3-BF4B-00C04F79EFBC}") = "OrderService.Infrastructure", "src\Services\OrderService\OrderService.Infrastructure\OrderService.Infrastructure.csproj", "{1FDAE00F-62EE-4F0B-8F9A-EB7262C47456}"
EndProject
Project("{FAE04EC0-301F-11D3-BF4B-00C04F79EFBC}") = "OrderService.Api", "src\Services\OrderService.Api\OrderService.Api.csproj", "{D235E603-552D-436C-A79B-CAC17B6E427E}"
EndProject
Project("{2150E333-8FDC-42A3-9474-1A3956D46DE8}") = "PaymentService", "PaymentService", "{68C51CA9-DC8F-4086-8583-E9D0EC14E725}"
EndProject
Project("{FAE04EC0-301F-11D3-BF4B-00C04F79EFBC}") = "PaymentService.Api", "src\Services\PaymentService\PaymentService.Api\PaymentService.Api.csproj", "{FF01F8F2-F17C-44AF-B8A8-3A83709194D8}"
EndProject
Global
	GlobalSection(SolutionConfigurationPlatforms) = preSolution
		Debug|Any CPU = Debug|Any CPU
		Release|Any CPU = Release|Any CPU
	EndGlobalSection
	GlobalSection(ProjectConfigurationPlatforms) = postSolution
		{8C5B2A49-E4EB-4298-882A-95037AA442BE}.Debug|Any CPU.ActiveCfg = Debug|Any CPU
		{8C5B2A49-E4EB-4298-882A-95037AA442BE}.Debug|Any CPU.Build.0 = Debug|Any CPU
		{8C5B2A49-E4EB-4298-882A-95037AA442BE}.Release|Any CPU.ActiveCfg = Release|Any CPU
		{8C5B2A49-E4EB-4298-882A-95037AA442BE}.Release|Any CPU.Build.0 = Release|Any CPU
		{21FA82B1-D398-4F5B-9EAF-8796036FAC30}.Debug|Any CPU.ActiveCfg = Debug|Any CPU
		{21FA82B1-D398-4F5B-9EAF-8796036FAC30}.Debug|Any CPU.Build.0 = Debug|Any CPU
		{21FA82B1-D398-4F5B-9EAF-8796036FAC30}.Release|Any CPU.ActiveCfg = Release|Any CPU
		{21FA82B1-D398-4F5B-9EAF-8796036FAC30}.Release|Any CPU.Build.0 = Release|Any CPU
		{5735069B-E026-4675-849A-4F1899527425}.Debug|Any CPU.ActiveCfg = Debug|Any CPU
		{5735069B-E026-4675-849A-4F1899527425}.Debug|Any CPU.Build.0 = Debug|Any CPU
		{5735069B-E026-4675-849A-4F1899527425}.Release|Any CPU.ActiveCfg = Release|Any CPU
		{5735069B-E026-4675-849A-4F1899527425}.Release|Any CPU.Build.0 = Release|Any CPU
		{2C439560-4A11-4327-9A08-B0B90F45D593}.Debug|Any CPU.ActiveCfg = Debug|Any CPU
		{2C439560-4A11-4327-9A08-B0B90F45D593}.Debug|Any CPU.Build.0 = Debug|Any CPU
		{2C439560-4A11-4327-9A08-B0B90F45D593}.Release|Any CPU.ActiveCfg = Release|Any CPU
		{2C439560-4A11-4327-9A08-B0B90F45D593}.Release|Any CPU.Build.0 = Release|Any CPU
		{8192D388-FAA2-46AD-AA3A-F9D46FDC027D}.Debug|Any CPU.ActiveCfg = Debug|Any CPU
		{8192D388-FAA2-46AD-AA3A-F9D46FDC027D}.Debug|Any CPU.Build.0 = Debug|Any CPU
		{8192D388-FAA2-46AD-AA3A-F9D46FDC027D}.Release|Any CPU.ActiveCfg = Release|Any CPU
		{8192D388-FAA2-46AD-AA3A-F9D46FDC027D}.Release|Any CPU.Build.0 = Release|Any CPU
		{9C988748-D1BE-4F8F-A17F-087D9D845578}.Debug|Any CPU.ActiveCfg = Debug|Any CPU
		{9C988748-D1BE-4F8F-A17F-087D9D845578}.Debug|Any CPU.Build.0 = Debug|Any CPU
		{9C988748-D1BE-4F8F-A17F-087D9D845578}.Release|Any CPU.ActiveCfg = Release|Any CPU
		{9C988748-D1BE-4F8F-A17F-087D9D845578}.Release|Any CPU.Build.0 = Release|Any CPU
		{BA4F86FB-BE1A-4B22-82E2-1EDFD85AAC91}.Debug|Any CPU.ActiveCfg = Debug|Any CPU
		{BA4F86FB-BE1A-4B22-82E2-1EDFD85AAC91}.Debug|Any CPU.Build.0 = Debug|Any CPU
		{BA4F86FB-BE1A-4B22-82E2-1EDFD85AAC91}.Release|Any CPU.ActiveCfg = Release|Any CPU
		{BA4F86FB-BE1A-4B22-82E2-1EDFD85AAC91}.Release|Any CPU.Build.0 = Release|Any CPU
		{DAF1C79A-CC63-4129-803B-42DBDDD7EA85}.Debug|Any CPU.ActiveCfg = Debug|Any CPU
		{DAF1C79A-CC63-4129-803B-42DBDDD7EA85}.Debug|Any CPU.Build.0 = Debug|Any CPU
		{DAF1C79A-CC63-4129-803B-42DBDDD7EA85}.Release|Any CPU.ActiveCfg = Release|Any CPU
		{DAF1C79A-CC63-4129-803B-42DBDDD7EA85}.Release|Any CPU.Build.0 = Release|Any CPU
		{0669715D-DBC0-4325-9813-0A38BDA41462}.Debug|Any CPU.ActiveCfg = Debug|Any CPU
		{0669715D-DBC0-4325-9813-0A38BDA41462}.Debug|Any CPU.Build.0 = Debug|Any CPU
		{0669715D-DBC0-4325-9813-0A38BDA41462}.Release|Any CPU.ActiveCfg = Release|Any CPU
		{0669715D-DBC0-4325-9813-0A38BDA41462}.Release|Any CPU.Build.0 = Release|Any CPU
		{23554D8E-B99D-4C9C-9B42-D9A3F2E2639B}.Debug|Any CPU.ActiveCfg = Debug|Any CPU
		{23554D8E-B99D-4C9C-9B42-D9A3F2E2639B}.Debug|Any CPU.Build.0 = Debug|Any CPU
		{23554D8E-B99D-4C9C-9B42-D9A3F2E2639B}.Release|Any CPU.ActiveCfg = Release|Any CPU
		{23554D8E-B99D-4C9C-9B42-D9A3F2E2639B}.Release|Any CPU.Build.0 = Release|Any CPU
		{7EE69ECC-B415-412B-ADE1-033B582CAD13}.Debug|Any CPU.ActiveCfg = Debug|Any CPU
		{7EE69ECC-B415-412B-ADE1-033B582CAD13}.Debug|Any CPU.Build.0 = Debug|Any CPU
		{7EE69ECC-B415-412B-ADE1-033B582CAD13}.Release|Any CPU.ActiveCfg = Release|Any CPU
		{7EE69ECC-B415-412B-ADE1-033B582CAD13}.Release|Any CPU.Build.0 = Release|Any CPU
		{8E3E474A-D093-420B-909F-E369F830CBDB}.Debug|Any CPU.ActiveCfg = Debug|Any CPU
		{8E3E474A-D093-420B-909F-E369F830CBDB}.Debug|Any CPU.Build.0 = Debug|Any CPU
		{8E3E474A-D093-420B-909F-E369F830CBDB}.Release|Any CPU.ActiveCfg = Release|Any CPU
		{8E3E474A-D093-420B-909F-E369F830CBDB}.Release|Any CPU.Build.0 = Release|Any CPU
		{1FDAE00F-62EE-4F0B-8F9A-EB7262C47456}.Debug|Any CPU.ActiveCfg = Debug|Any CPU
		{1FDAE00F-62EE-4F0B-8F9A-EB7262C47456}.Debug|Any CPU.Build.0 = Debug|Any CPU
		{1FDAE00F-62EE-4F0B-8F9A-EB7262C47456}.Release|Any CPU.ActiveCfg = Release|Any CPU
		{1FDAE00F-62EE-4F0B-8F9A-EB7262C47456}.Release|Any CPU.Build.0 = Release|Any CPU
		{D235E603-552D-436C-A79B-CAC17B6E427E}.Debug|Any CPU.ActiveCfg = Debug|Any CPU
		{D235E603-552D-436C-A79B-CAC17B6E427E}.Debug|Any CPU.Build.0 = Debug|Any CPU
		{D235E603-552D-436C-A79B-CAC17B6E427E}.Release|Any CPU.ActiveCfg = Release|Any CPU
		{D235E603-552D-436C-A79B-CAC17B6E427E}.Release|Any CPU.Build.0 = Release|Any CPU
		{FF01F8F2-F17C-44AF-B8A8-3A83709194D8}.Debug|Any CPU.ActiveCfg = Debug|Any CPU
		{FF01F8F2-F17C-44AF-B8A8-3A83709194D8}.Debug|Any CPU.Build.0 = Debug|Any CPU
		{FF01F8F2-F17C-44AF-B8A8-3A83709194D8}.Release|Any CPU.ActiveCfg = Release|Any CPU
		{FF01F8F2-F17C-44AF-B8A8-3A83709194D8}.Release|Any CPU.Build.0 = Release|Any CPU
	EndGlobalSection
	GlobalSection(SolutionProperties) = preSolution
		HideSolutionNode = FALSE
	EndGlobalSection
	GlobalSection(NestedProjects) = preSolution
		{3720A6C5-B47F-4C6B-91F4-7D8144DC2751} = {D4DAF4D6-4265-4C43-9741-79272FBBE552}
		{298C0772-DAD5-4908-8AE1-2A3E1CE6FBA2} = {D4DAF4D6-4265-4C43-9741-79272FBBE552}
		{396FE1CF-57E1-46E4-8CA2-4042503084A7} = {D4DAF4D6-4265-4C43-9741-79272FBBE552}
		{7EA5B598-0D7E-4FD5-BB0F-D9E9B9196FBC} = {D4DAF4D6-4265-4C43-9741-79272FBBE552}
		{573FBDF7-B53E-4046-9737-C232F8216B78} = {7EA5B598-0D7E-4FD5-BB0F-D9E9B9196FBC}
		{4CEBB5BE-D3BE-47CB-A7DA-F1E928972A74} = {3720A6C5-B47F-4C6B-91F4-7D8144DC2751}
		{8C5B2A49-E4EB-4298-882A-95037AA442BE} = {4CEBB5BE-D3BE-47CB-A7DA-F1E928972A74}
		{324A4D69-25EF-480D-AB68-2B6A7B7540F7} = {298C0772-DAD5-4908-8AE1-2A3E1CE6FBA2}
		{21FA82B1-D398-4F5B-9EAF-8796036FAC30} = {324A4D69-25EF-480D-AB68-2B6A7B7540F7}
		{5735069B-E026-4675-849A-4F1899527425} = {324A4D69-25EF-480D-AB68-2B6A7B7540F7}
		{2C439560-4A11-4327-9A08-B0B90F45D593} = {324A4D69-25EF-480D-AB68-2B6A7B7540F7}
		{8192D388-FAA2-46AD-AA3A-F9D46FDC027D} = {324A4D69-25EF-480D-AB68-2B6A7B7540F7}
		{9C988748-D1BE-4F8F-A17F-087D9D845578} = {573FBDF7-B53E-4046-9737-C232F8216B78}
		{D6D0C687-E21E-4E54-8BAF-D72D5589B601} = {396FE1CF-57E1-46E4-8CA2-4042503084A7}
		{BA4F86FB-BE1A-4B22-82E2-1EDFD85AAC91} = {D6D0C687-E21E-4E54-8BAF-D72D5589B601}
		{4F0310A8-742D-4F6E-8D64-FC05B13FDF69} = {396FE1CF-57E1-46E4-8CA2-4042503084A7}
		{DAF1C79A-CC63-4129-803B-42DBDDD7EA85} = {4F0310A8-742D-4F6E-8D64-FC05B13FDF69}
		{E3DB3A79-02BA-4B58-9E5A-68C28F37AE12} = {396FE1CF-57E1-46E4-8CA2-4042503084A7}
		{0669715D-DBC0-4325-9813-0A38BDA41462} = {E3DB3A79-02BA-4B58-9E5A-68C28F37AE12}
		{1D93B02B-E7AB-47B3-87E6-B39BD727377B} = {396FE1CF-57E1-46E4-8CA2-4042503084A7}
		{23554D8E-B99D-4C9C-9B42-D9A3F2E2639B} = {1D93B02B-E7AB-47B3-87E6-B39BD727377B}
		{4D8E5FB9-61C6-41E7-B74F-540E230A2678} = {396FE1CF-57E1-46E4-8CA2-4042503084A7}
		{7EE69ECC-B415-412B-ADE1-033B582CAD13} = {4D8E5FB9-61C6-41E7-B74F-540E230A2678}
		{8E3E474A-D093-420B-909F-E369F830CBDB} = {4D8E5FB9-61C6-41E7-B74F-540E230A2678}
		{1FDAE00F-62EE-4F0B-8F9A-EB7262C47456} = {4D8E5FB9-61C6-41E7-B74F-540E230A2678}
		{D235E603-552D-436C-A79B-CAC17B6E427E} = {4D8E5FB9-61C6-41E7-B74F-540E230A2678}
		{68C51CA9-DC8F-4086-8583-E9D0EC14E725} = {396FE1CF-57E1-46E4-8CA2-4042503084A7}
		{FF01F8F2-F17C-44AF-B8A8-3A83709194D8} = {68C51CA9-DC8F-4086-8583-E9D0EC14E725}
	EndGlobalSection
	GlobalSection(ExtensibilityGlobals) = postSolution
		SolutionGuid = {963CEECE-58D7-4E1B-BFA2-4CC1726A3265}
	EndGlobalSection
EndGlobal
